
Microsoft Visual Studio Solution File, Format Version 12.00
# Visual Studio Version 17
VisualStudioVersion = 17.5.33424.131
MinimumVisualStudioVersion = 10.0.40219.1
Project("{9092AA53-FB77-4645-B42D-1CCCA6BD08BD}") = "mm_gym_backend", "mm_gym_backend.njsproj", "{BCEA8C5C-2BE4-4952-A6E5-F7F433E38D24}"
EndProject
Global
	GlobalSection(SolutionConfigurationPlatforms) = preSolution
		Debug|Any CPU = Debug|Any CPU
		Release|Any CPU = Release|Any CPU
	EndGlobalSection
	GlobalSection(ProjectConfigurationPlatforms) = postSolution
		{BCEA8C5C-2BE4-4952-A6E5-F7F433E38D24}.Debug|Any CPU.ActiveCfg = Debug|Any CPU
		{BCEA8C5C-2BE4-4952-A6E5-F7F433E38D24}.Debug|Any CPU.Build.0 = Debug|Any CPU
		{BCEA8C5C-2BE4-4952-A6E5-F7F433E38D24}.Release|Any CPU.ActiveCfg = Release|Any CPU
		{BCEA8C5C-2BE4-4952-A6E5-F7F433E38D24}.Release|Any CPU.Build.0 = Release|Any CPU
	EndGlobalSection
	GlobalSection(SolutionProperties) = preSolution
		HideSolutionNode = FALSE
	EndGlobalSection
	GlobalSection(ExtensibilityGlobals) = postSolution
		SolutionGuid = {496D10DD-BE8B-4B05-890C-E05F144DC80A}
	EndGlobalSection
EndGlobal
